
Microsoft Visual Studio Solution File, Format Version 12.00
# Visual Studio Version 17
VisualStudioVersion = 17.2.32602.215
MinimumVisualStudioVersion = 10.0.40219.1
Project("{2150E333-8FDC-42A3-9474-1A3956D46DE8}") = "source", "source", "{072078A1-7D16-48AA-90C2-6D0485564C87}"
EndProject
Project("{9A19103F-16F7-4668-BE54-9A1E7A4F7556}") = "Portal.Domain", "Portal.Domain\Portal.Domain.csproj", "{421F61E4-05E3-4D0C-9B70-B7CAD4FB6251}"
EndProject
Project("{9A19103F-16F7-4668-BE54-9A1E7A4F7556}") = "Portal.Application", "Portal.Application\Portal.Application.csproj", "{DCD15214-4172-4DBB-99F6-ACA28A81BD79}"
EndProject
Project("{9A19103F-16F7-4668-BE54-9A1E7A4F7556}") = "Portal.Infrastructure", "Portal.Infrastructure\Portal.Infrastructure.csproj", "{2F12B288-D83B-43DC-BE1A-D92B1FD0367B}"
EndProject
Project("{9A19103F-16F7-4668-BE54-9A1E7A4F7556}") = "Portal.Web", "Portal.Web\Portal.Web.csproj", "{8A9F386F-8D11-4277-8A29-5A9467AB945E}"
EndProject
Global
	GlobalSection(SolutionConfigurationPlatforms) = preSolution
		Debug|Any CPU = Debug|Any CPU
		Release|Any CPU = Release|Any CPU
	EndGlobalSection
	GlobalSection(ProjectConfigurationPlatforms) = postSolution
		{421F61E4-05E3-4D0C-9B70-B7CAD4FB6251}.Debug|Any CPU.ActiveCfg = Debug|Any CPU
		{421F61E4-05E3-4D0C-9B70-B7CAD4FB6251}.Debug|Any CPU.Build.0 = Debug|Any CPU
		{421F61E4-05E3-4D0C-9B70-B7CAD4FB6251}.Release|Any CPU.ActiveCfg = Release|Any CPU
		{421F61E4-05E3-4D0C-9B70-B7CAD4FB6251}.Release|Any CPU.Build.0 = Release|Any CPU
		{DCD15214-4172-4DBB-99F6-ACA28A81BD79}.Debug|Any CPU.ActiveCfg = Debug|Any CPU
		{DCD15214-4172-4DBB-99F6-ACA28A81BD79}.Debug|Any CPU.Build.0 = Debug|Any CPU
		{DCD15214-4172-4DBB-99F6-ACA28A81BD79}.Release|Any CPU.ActiveCfg = Release|Any CPU
		{DCD15214-4172-4DBB-99F6-ACA28A81BD79}.Release|Any CPU.Build.0 = Release|Any CPU
		{2F12B288-D83B-43DC-BE1A-D92B1FD0367B}.Debug|Any CPU.ActiveCfg = Debug|Any CPU
		{2F12B288-D83B-43DC-BE1A-D92B1FD0367B}.Debug|Any CPU.Build.0 = Debug|Any CPU
		{2F12B288-D83B-43DC-BE1A-D92B1FD0367B}.Release|Any CPU.ActiveCfg = Release|Any CPU
		{2F12B288-D83B-43DC-BE1A-D92B1FD0367B}.Release|Any CPU.Build.0 = Release|Any CPU
		{8A9F386F-8D11-4277-8A29-5A9467AB945E}.Debug|Any CPU.ActiveCfg = Debug|Any CPU
		{8A9F386F-8D11-4277-8A29-5A9467AB945E}.Debug|Any CPU.Build.0 = Debug|Any CPU
		{8A9F386F-8D11-4277-8A29-5A9467AB945E}.Release|Any CPU.ActiveCfg = Release|Any CPU
		{8A9F386F-8D11-4277-8A29-5A9467AB945E}.Release|Any CPU.Build.0 = Release|Any CPU
	EndGlobalSection
	GlobalSection(SolutionProperties) = preSolution
		HideSolutionNode = FALSE
	EndGlobalSection
	GlobalSection(NestedProjects) = preSolution
		{421F61E4-05E3-4D0C-9B70-B7CAD4FB6251} = {072078A1-7D16-48AA-90C2-6D0485564C87}
		{DCD15214-4172-4DBB-99F6-ACA28A81BD79} = {072078A1-7D16-48AA-90C2-6D0485564C87}
		{2F12B288-D83B-43DC-BE1A-D92B1FD0367B} = {072078A1-7D16-48AA-90C2-6D0485564C87}
		{8A9F386F-8D11-4277-8A29-5A9467AB945E} = {072078A1-7D16-48AA-90C2-6D0485564C87}
	EndGlobalSection
	GlobalSection(ExtensibilityGlobals) = postSolution
		SolutionGuid = {5FA4CB35-C7AD-4569-A19C-879194F98C68}
	EndGlobalSection
EndGlobal
